
Microsoft Visual Studio Solution File, Format Version 12.00
# Visual Studio Version 17
VisualStudioVersion = 17.6.33829.357
MinimumVisualStudioVersion = 10.0.40219.1
Project("{FAE04EC0-301F-11D3-BF4B-00C04F79EFBC}") = "Zasobnil", "Zasobnil\Zasobnil.csproj", "{B31CD2FD-8612-4797-9E44-5E345D00AB2B}"
EndProject
Global
	GlobalSection(SolutionConfigurationPlatforms) = preSolution
		Debug|Any CPU = Debug|Any CPU
		Release|Any CPU = Release|Any CPU
	EndGlobalSection
	GlobalSection(ProjectConfigurationPlatforms) = postSolution
		{B31CD2FD-8612-4797-9E44-5E345D00AB2B}.Debug|Any CPU.ActiveCfg = Debug|Any CPU
		{B31CD2FD-8612-4797-9E44-5E345D00AB2B}.Debug|Any CPU.Build.0 = Debug|Any CPU
		{B31CD2FD-8612-4797-9E44-5E345D00AB2B}.Release|Any CPU.ActiveCfg = Release|Any CPU
		{B31CD2FD-8612-4797-9E44-5E345D00AB2B}.Release|Any CPU.Build.0 = Release|Any CPU
	EndGlobalSection
	GlobalSection(SolutionProperties) = preSolution
		HideSolutionNode = FALSE
	EndGlobalSection
	GlobalSection(ExtensibilityGlobals) = postSolution
		SolutionGuid = {32F30FBB-0CCA-42ED-ABF5-F7FF17DD37D3}
	EndGlobalSection
EndGlobal
